
Microsoft Visual Studio Solution File, Format Version 12.00
# Visual Studio 15
VisualStudioVersion = 15.0.26730.16
MinimumVisualStudioVersion = 10.0.40219.1
Project("{FAE04EC0-301F-11D3-BF4B-00C04F79EFBC}") = "Morse10Min", "Morse10Min\Morse10Min.csproj", "{F8441DB0-049C-4916-9F08-BA1AA623E176}"
EndProject
Global
	GlobalSection(SolutionConfigurationPlatforms) = preSolution
		Debug|Any CPU = Debug|Any CPU
		Release|Any CPU = Release|Any CPU
	EndGlobalSection
	GlobalSection(ProjectConfigurationPlatforms) = postSolution
		{F8441DB0-049C-4916-9F08-BA1AA623E176}.Debug|Any CPU.ActiveCfg = Debug|Any CPU
		{F8441DB0-049C-4916-9F08-BA1AA623E176}.Debug|Any CPU.Build.0 = Debug|Any CPU
		{F8441DB0-049C-4916-9F08-BA1AA623E176}.Release|Any CPU.ActiveCfg = Release|Any CPU
		{F8441DB0-049C-4916-9F08-BA1AA623E176}.Release|Any CPU.Build.0 = Release|Any CPU
	EndGlobalSection
	GlobalSection(SolutionProperties) = preSolution
		HideSolutionNode = FALSE
	EndGlobalSection
	GlobalSection(ExtensibilityGlobals) = postSolution
		SolutionGuid = {42B6BBBC-C264-4092-B11D-68E5B7E0F173}
	EndGlobalSection
EndGlobal
